
Microsoft Visual Studio Solution File, Format Version 12.00
# Visual Studio Version 17
VisualStudioVersion = 17.7.34221.43
MinimumVisualStudioVersion = 10.0.40219.1
Project("{FAE04EC0-301F-11D3-BF4B-00C04F79EFBC}") = "WinFormsApp2", "WinFormsApp2\WinFormsApp2.csproj", "{12EFDB4A-6F43-4BD1-8C44-D581B08E99A8}"
EndProject
Global
	GlobalSection(SolutionConfigurationPlatforms) = preSolution
		Debug|Any CPU = Debug|Any CPU
		Release|Any CPU = Release|Any CPU
	EndGlobalSection
	GlobalSection(ProjectConfigurationPlatforms) = postSolution
		{12EFDB4A-6F43-4BD1-8C44-D581B08E99A8}.Debug|Any CPU.ActiveCfg = Debug|Any CPU
		{12EFDB4A-6F43-4BD1-8C44-D581B08E99A8}.Debug|Any CPU.Build.0 = Debug|Any CPU
		{12EFDB4A-6F43-4BD1-8C44-D581B08E99A8}.Release|Any CPU.ActiveCfg = Release|Any CPU
		{12EFDB4A-6F43-4BD1-8C44-D581B08E99A8}.Release|Any CPU.Build.0 = Release|Any CPU
	EndGlobalSection
	GlobalSection(SolutionProperties) = preSolution
		HideSolutionNode = FALSE
	EndGlobalSection
	GlobalSection(ExtensibilityGlobals) = postSolution
		SolutionGuid = {6910C3F3-E637-4DE3-B11E-D6A18124D3C8}
	EndGlobalSection
EndGlobal
